
Microsoft Visual Studio Solution File, Format Version 12.00
# Visual Studio Version 16
VisualStudioVersion = 16.0.30523.141
MinimumVisualStudioVersion = 10.0.40219.1
Project("{FAE04EC0-301F-11D3-BF4B-00C04F79EFBC}") = "staging", "staging.csproj", "{56D50DC1-C1E9-448D-9B88-D7F707BCF0AB}"
EndProject
Global
	GlobalSection(SolutionConfigurationPlatforms) = preSolution
		Debug|Any CPU = Debug|Any CPU
		Release|Any CPU = Release|Any CPU
	EndGlobalSection
	GlobalSection(ProjectConfigurationPlatforms) = postSolution
		{56D50DC1-C1E9-448D-9B88-D7F707BCF0AB}.Debug|Any CPU.ActiveCfg = Debug|Any CPU
		{56D50DC1-C1E9-448D-9B88-D7F707BCF0AB}.Debug|Any CPU.Build.0 = Debug|Any CPU
		{56D50DC1-C1E9-448D-9B88-D7F707BCF0AB}.Release|Any CPU.ActiveCfg = Release|Any CPU
		{56D50DC1-C1E9-448D-9B88-D7F707BCF0AB}.Release|Any CPU.Build.0 = Release|Any CPU
	EndGlobalSection
	GlobalSection(SolutionProperties) = preSolution
		HideSolutionNode = FALSE
	EndGlobalSection
	GlobalSection(ExtensibilityGlobals) = postSolution
		SolutionGuid = {3640C9E9-40B4-4E71-B907-4E9DDF9DEC54}
	EndGlobalSection
EndGlobal
